<Solution>
  <Project Path="ConceousCollective.Web/ConceousCollective.Web.csproj" />
  <Project Path="Entities/Entities.csproj" />
  <Project Path="Repositories/Repositories.csproj" />
  <Project Path="RepositoryContracts/RepositoryContracts.csproj" />
  <Project Path="ServiceContracts/ServiceContracts.csproj" />
  <Project Path="Services/Services.csproj" />
</Solution>
